name: Update package-lock.json

on: [workflow_dispatch]

jobs:
  PACKAGE_AND_COMMIT:
    environment: staging

    runs-on: ubuntu-latest

    steps:
      - run: echo "🤞 Update package-lock.json job is starting!"

      - name: Checkout to branch
        uses: actions/checkout@v3

      # - name: Setup node
      #   uses: actions/setup-node@v3
      #   with:
      #     node-version-file: '.node-version'
      #     cache: 'npm'

      - name: Install dependencies
        run: npm install

      - name: Commit package-lock.json
        uses: EndBug/add-and-commit@v9
        with:
          add: package-lock.json
          message: "chore: update package-lock.json"
          new_branch: update-package-lock
